{
  "name": "example",
  "version": "1.0.0",
  "lockfileVersion": 3,
  "requires": true,
  "packages": {
    "": {
      "name": "example",
      "version": "1.0.0",
      "license": "ISC",
      "dependencies": {
        "jscriptor": "^0.0.2"
      }
    },
    "node_modules/jscriptor": {
      "version": "0.0.2",
      "resolved": "https://registry.npmjs.org/jscriptor/-/jscriptor-0.0.2.tgz",
      "integrity": "sha512-k2VHxqd2lUm05/n6tRXhaTcq7BsUA+Pp/qdKbiKeiwn9l/t+Yvja/dPsTrgNKAOOpm5pU7S0jdJQmzDCytkPLA==",
      "license": "MIT",
      "bin": {
        "jscriptor": "src/cli.js"
      }
    }
  }
}
