{
  "name": "example",
  "version": "1.0.0",
  "lockfileVersion": 3,
  "requires": true,
  "packages": {
    "": {
      "name": "example",
      "version": "1.0.0",
      "license": "ISC",
      "dependencies": {
        "jscriptor": "^0.0.3"
      }
    },
    "node_modules/jscriptor": {
      "version": "0.0.3",
      "resolved": "https://registry.npmjs.org/jscriptor/-/jscriptor-0.0.3.tgz",
      "integrity": "sha512-W/uIukc1Keh+338/33kGyn/80owl0lEZzkA4NCGi72LxnNFsygr/tZ+dqCeXPKrT4UXEGRy+td/+LleJshWw8Q==",
      "license": "MIT",
      "bin": {
        "jscriptor": "src/cli.js"
      }
    }
  }
}
