{
  "name": "example",
  "version": "1.0.0",
  "lockfileVersion": 3,
  "requires": true,
  "packages": {
    "": {
      "name": "example",
      "version": "1.0.0",
      "license": "ISC",
      "dependencies": {
        "@hareesh108/unify-js": "^1.0.0",
        "jscriptor": "^0.0.1"
      }
    },
    "node_modules/@hareesh108/unify-js": {
      "version": "1.0.0",
      "resolved": "https://registry.npmjs.org/@hareesh108/unify-js/-/unify-js-1.0.0.tgz",
      "integrity": "sha512-Q8N9/iXTG5NFfPMUaXrQJyWjUqgBuVSYCkmynA4VOVZqhyn9ShzrwHZKxsWIQFqd5fr1qC2Gqk/EgMX4S2CDpg==",
      "license": "MIT",
      "bin": {
        "unify-js": "src/cli.js"
      }
    },
    "node_modules/jscriptor": {
      "version": "0.0.1",
      "resolved": "https://registry.npmjs.org/jscriptor/-/jscriptor-0.0.1.tgz",
      "integrity": "sha512-0Fr3qOuQpPgIQVwaYpkSP/w9jwTiqP8DXS5+0r7wsepeCPylWZnDsLLOrWyOwKgsbdkbyGRVHJ1j8zXpxAA1Gg==",
      "license": "MIT",
      "bin": {
        "unify-js": "src/cli.js"
      }
    }
  }
}
